
Microsoft Visual Studio Solution File, Format Version 12.00
# Visual Studio Version 17
VisualStudioVersion = 17.1.32228.430
MinimumVisualStudioVersion = 10.0.40219.1
Project("{9A19103F-16F7-4668-BE54-9A1E7A4F7556}") = "OwnCalculator", "OwnCalculator\OwnCalculator.csproj", "{DA95C37A-E0E1-4563-9878-1D04ADC74830}"
EndProject
Project("{9A19103F-16F7-4668-BE54-9A1E7A4F7556}") = "OwnCalculatorTest", "OwnCalculatorTest\OwnCalculatorTest.csproj", "{9533B88E-0E9F-4A76-91F1-54952A9C3DA0}"
EndProject
Project("{FAE04EC0-301F-11D3-BF4B-00C04F79EFBC}") = "Prezentacja", "WpfApp1\Prezentacja.csproj", "{62B5CFEB-5265-486D-8D1C-5B7ABD41C8FE}"
EndProject
Project("{FAE04EC0-301F-11D3-BF4B-00C04F79EFBC}") = "Dane", "Dane\Dane.csproj", "{599FC161-8759-4F50-BA08-7529B25F8EBB}"
EndProject
Project("{FAE04EC0-301F-11D3-BF4B-00C04F79EFBC}") = "Logika", "Logika\Logika.csproj", "{B3F18B26-3DD1-4E07-84F5-F81F9D2C0796}"
EndProject
Global
	GlobalSection(SolutionConfigurationPlatforms) = preSolution
		Debug|Any CPU = Debug|Any CPU
		Release|Any CPU = Release|Any CPU
	EndGlobalSection
	GlobalSection(ProjectConfigurationPlatforms) = postSolution
		{DA95C37A-E0E1-4563-9878-1D04ADC74830}.Debug|Any CPU.ActiveCfg = Debug|Any CPU
		{DA95C37A-E0E1-4563-9878-1D04ADC74830}.Debug|Any CPU.Build.0 = Debug|Any CPU
		{DA95C37A-E0E1-4563-9878-1D04ADC74830}.Release|Any CPU.ActiveCfg = Release|Any CPU
		{DA95C37A-E0E1-4563-9878-1D04ADC74830}.Release|Any CPU.Build.0 = Release|Any CPU
		{9533B88E-0E9F-4A76-91F1-54952A9C3DA0}.Debug|Any CPU.ActiveCfg = Debug|Any CPU
		{9533B88E-0E9F-4A76-91F1-54952A9C3DA0}.Debug|Any CPU.Build.0 = Debug|Any CPU
		{9533B88E-0E9F-4A76-91F1-54952A9C3DA0}.Release|Any CPU.ActiveCfg = Release|Any CPU
		{9533B88E-0E9F-4A76-91F1-54952A9C3DA0}.Release|Any CPU.Build.0 = Release|Any CPU
		{62B5CFEB-5265-486D-8D1C-5B7ABD41C8FE}.Debug|Any CPU.ActiveCfg = Debug|Any CPU
		{62B5CFEB-5265-486D-8D1C-5B7ABD41C8FE}.Debug|Any CPU.Build.0 = Debug|Any CPU
		{62B5CFEB-5265-486D-8D1C-5B7ABD41C8FE}.Release|Any CPU.ActiveCfg = Release|Any CPU
		{62B5CFEB-5265-486D-8D1C-5B7ABD41C8FE}.Release|Any CPU.Build.0 = Release|Any CPU
		{599FC161-8759-4F50-BA08-7529B25F8EBB}.Debug|Any CPU.ActiveCfg = Debug|Any CPU
		{599FC161-8759-4F50-BA08-7529B25F8EBB}.Debug|Any CPU.Build.0 = Debug|Any CPU
		{599FC161-8759-4F50-BA08-7529B25F8EBB}.Release|Any CPU.ActiveCfg = Release|Any CPU
		{599FC161-8759-4F50-BA08-7529B25F8EBB}.Release|Any CPU.Build.0 = Release|Any CPU
		{B3F18B26-3DD1-4E07-84F5-F81F9D2C0796}.Debug|Any CPU.ActiveCfg = Debug|Any CPU
		{B3F18B26-3DD1-4E07-84F5-F81F9D2C0796}.Debug|Any CPU.Build.0 = Debug|Any CPU
		{B3F18B26-3DD1-4E07-84F5-F81F9D2C0796}.Release|Any CPU.ActiveCfg = Release|Any CPU
		{B3F18B26-3DD1-4E07-84F5-F81F9D2C0796}.Release|Any CPU.Build.0 = Release|Any CPU
	EndGlobalSection
	GlobalSection(SolutionProperties) = preSolution
		HideSolutionNode = FALSE
	EndGlobalSection
	GlobalSection(ExtensibilityGlobals) = postSolution
		SolutionGuid = {BB3A44FE-75F2-4C79-9F1D-66125AB2274D}
	EndGlobalSection
EndGlobal
